
Microsoft Visual Studio Solution File, Format Version 12.00
# Visual Studio Version 17
VisualStudioVersion = 17.7.34018.315
MinimumVisualStudioVersion = 10.0.40219.1
Project("{9A19103F-16F7-4668-BE54-9A1E7A4F7556}") = "CASPARWeb", "CASPARWeb\CASPARWeb.csproj", "{71B2B558-F81E-4BF8-80AE-5C0250808E5E}"
EndProject
Project("{9A19103F-16F7-4668-BE54-9A1E7A4F7556}") = "Infrastructure", "Infrastructure\Infrastructure.csproj", "{E7D48F8D-1EAF-45EB-8849-6E258B3BB6BE}"
EndProject
Project("{9A19103F-16F7-4668-BE54-9A1E7A4F7556}") = "DataAccess", "DataAccess\DataAccess.csproj", "{E0CA3FE2-C7B2-4683-8A0B-1EB603F3E1A2}"
EndProject
Project("{9A19103F-16F7-4668-BE54-9A1E7A4F7556}") = "Utility", "Utility\Utility.csproj", "{399D40E9-8199-40EC-952F-CA1C964ADCCF}"
EndProject
Global
	GlobalSection(SolutionConfigurationPlatforms) = preSolution
		Debug|Any CPU = Debug|Any CPU
		Release|Any CPU = Release|Any CPU
	EndGlobalSection
	GlobalSection(ProjectConfigurationPlatforms) = postSolution
		{71B2B558-F81E-4BF8-80AE-5C0250808E5E}.Debug|Any CPU.ActiveCfg = Debug|Any CPU
		{71B2B558-F81E-4BF8-80AE-5C0250808E5E}.Debug|Any CPU.Build.0 = Debug|Any CPU
		{71B2B558-F81E-4BF8-80AE-5C0250808E5E}.Release|Any CPU.ActiveCfg = Release|Any CPU
		{71B2B558-F81E-4BF8-80AE-5C0250808E5E}.Release|Any CPU.Build.0 = Release|Any CPU
		{E7D48F8D-1EAF-45EB-8849-6E258B3BB6BE}.Debug|Any CPU.ActiveCfg = Debug|Any CPU
		{E7D48F8D-1EAF-45EB-8849-6E258B3BB6BE}.Debug|Any CPU.Build.0 = Debug|Any CPU
		{E7D48F8D-1EAF-45EB-8849-6E258B3BB6BE}.Release|Any CPU.ActiveCfg = Release|Any CPU
		{E7D48F8D-1EAF-45EB-8849-6E258B3BB6BE}.Release|Any CPU.Build.0 = Release|Any CPU
		{E0CA3FE2-C7B2-4683-8A0B-1EB603F3E1A2}.Debug|Any CPU.ActiveCfg = Debug|Any CPU
		{E0CA3FE2-C7B2-4683-8A0B-1EB603F3E1A2}.Debug|Any CPU.Build.0 = Debug|Any CPU
		{E0CA3FE2-C7B2-4683-8A0B-1EB603F3E1A2}.Release|Any CPU.ActiveCfg = Release|Any CPU
		{E0CA3FE2-C7B2-4683-8A0B-1EB603F3E1A2}.Release|Any CPU.Build.0 = Release|Any CPU
		{399D40E9-8199-40EC-952F-CA1C964ADCCF}.Debug|Any CPU.ActiveCfg = Debug|Any CPU
		{399D40E9-8199-40EC-952F-CA1C964ADCCF}.Debug|Any CPU.Build.0 = Debug|Any CPU
		{399D40E9-8199-40EC-952F-CA1C964ADCCF}.Release|Any CPU.ActiveCfg = Release|Any CPU
		{399D40E9-8199-40EC-952F-CA1C964ADCCF}.Release|Any CPU.Build.0 = Release|Any CPU
	EndGlobalSection
	GlobalSection(SolutionProperties) = preSolution
		HideSolutionNode = FALSE
	EndGlobalSection
	GlobalSection(ExtensibilityGlobals) = postSolution
		SolutionGuid = {4FF3A629-4DF5-4232-9D90-A1FF3778BA1E}
	EndGlobalSection
EndGlobal
